// !$*UTF8*$!
{
	archiveVersion = 1;
	classes = {
	};
	objectVersion = 50;
	objects = {

/* Begin PBXBuildFile section */
		AF98403D21EE3271008A87DC /* AppDelegate.swift in Sources */ = {isa = PBXBuildFile; fileRef = AF98403C21EE3271008A87DC /* AppDelegate.swift */; };
		AF98403F21EE3271008A87DC /* HomeViewController.swift in Sources */ = {isa = PBXBuildFile; fileRef = AF98403E21EE3271008A87DC /* HomeViewController.swift */; };
		AF98404221EE3271008A87DC /* Main.storyboard in Resources */ = {isa = PBXBuildFile; fileRef = AF98404021EE3271008A87DC /* Main.storyboard */; };
		AF98404421EE3273008A87DC /* Assets.xcassets in Resources */ = {isa = PBXBuildFile; fileRef = AF98404321EE3273008A87DC /* Assets.xcassets */; };
		AF98404721EE3273008A87DC /* LaunchScreen.storyboard in Resources */ = {isa = PBXBuildFile; fileRef = AF98404521EE3273008A87DC /* LaunchScreen.storyboard */; };
		AF98404F21EE32F4008A87DC /* SWInflateLayout.swift in Sources */ = {isa = PBXBuildFile; fileRef = AF98404E21EE32F4008A87DC /* SWInflateLayout.swift */; };
		AF98405321EE35D6008A87DC /* DesignableView.swift in Sources */ = {isa = PBXBuildFile; fileRef = AF98405221EE35D6008A87DC /* DesignableView.swift */; };
		AF98405A21EE5A31008A87DC /* VideoCell.swift in Sources */ = {isa = PBXBuildFile; fileRef = AF98405821EE5A31008A87DC /* VideoCell.swift */; };
		AF98405B21EE5A31008A87DC /* VideoCell.xib in Resources */ = {isa = PBXBuildFile; fileRef = AF98405921EE5A31008A87DC /* VideoCell.xib */; };
		AF98405D21EE5BF0008A87DC /* UICollectionView+Reusable.swift in Sources */ = {isa = PBXBuildFile; fileRef = AF98405C21EE5BEF008A87DC /* UICollectionView+Reusable.swift */; };
		AF98405F21EE5D28008A87DC /* Reusable.swift in Sources */ = {isa = PBXBuildFile; fileRef = AF98405E21EE5D28008A87DC /* Reusable.swift */; };
		AF98406621EE6891008A87DC /* OrientationSupportNavigationController.swift in Sources */ = {isa = PBXBuildFile; fileRef = AF98406521EE6891008A87DC /* OrientationSupportNavigationController.swift */; };
/* End PBXBuildFile section */

/* Begin PBXFileReference section */
		AF98403921EE3271008A87DC /* CarouselDemo.app */ = {isa = PBXFileReference; explicitFileType = wrapper.application; includeInIndex = 0; path = CarouselDemo.app; sourceTree = BUILT_PRODUCTS_DIR; };
		AF98403C21EE3271008A87DC /* AppDelegate.swift */ = {isa = PBXFileReference; lastKnownFileType = sourcecode.swift; path = AppDelegate.swift; sourceTree = "<group>"; };
		AF98403E21EE3271008A87DC /* HomeViewController.swift */ = {isa = PBXFileReference; lastKnownFileType = sourcecode.swift; path = HomeViewController.swift; sourceTree = "<group>"; };
		AF98404121EE3271008A87DC /* Base */ = {isa = PBXFileReference; lastKnownFileType = file.storyboard; name = Base; path = Base.lproj/Main.storyboard; sourceTree = "<group>"; };
		AF98404321EE3273008A87DC /* Assets.xcassets */ = {isa = PBXFileReference; lastKnownFileType = folder.assetcatalog; path = Assets.xcassets; sourceTree = "<group>"; };
		AF98404621EE3273008A87DC /* Base */ = {isa = PBXFileReference; lastKnownFileType = file.storyboard; name = Base; path = Base.lproj/LaunchScreen.storyboard; sourceTree = "<group>"; };
		AF98404821EE3273008A87DC /* Info.plist */ = {isa = PBXFileReference; lastKnownFileType = text.plist.xml; path = Info.plist; sourceTree = "<group>"; };
		AF98404E21EE32F4008A87DC /* SWInflateLayout.swift */ = {isa = PBXFileReference; fileEncoding = 4; lastKnownFileType = sourcecode.swift; path = SWInflateLayout.swift; sourceTree = "<group>"; };
		AF98405221EE35D6008A87DC /* DesignableView.swift */ = {isa = PBXFileReference; lastKnownFileType = sourcecode.swift; path = DesignableView.swift; sourceTree = "<group>"; };
		AF98405821EE5A31008A87DC /* VideoCell.swift */ = {isa = PBXFileReference; lastKnownFileType = sourcecode.swift; path = VideoCell.swift; sourceTree = "<group>"; };
		AF98405921EE5A31008A87DC /* VideoCell.xib */ = {isa = PBXFileReference; lastKnownFileType = file.xib; path = VideoCell.xib; sourceTree = "<group>"; };
		AF98405C21EE5BEF008A87DC /* UICollectionView+Reusable.swift */ = {isa = PBXFileReference; fileEncoding = 4; lastKnownFileType = sourcecode.swift; path = "UICollectionView+Reusable.swift"; sourceTree = "<group>"; };
		AF98405E21EE5D28008A87DC /* Reusable.swift */ = {isa = PBXFileReference; fileEncoding = 4; lastKnownFileType = sourcecode.swift; path = Reusable.swift; sourceTree = "<group>"; };
		AF98406521EE6891008A87DC /* OrientationSupportNavigationController.swift */ = {isa = PBXFileReference; lastKnownFileType = sourcecode.swift; path = OrientationSupportNavigationController.swift; sourceTree = "<group>"; };
/* End PBXFileReference section */

/* Begin PBXFrameworksBuildPhase section */
		AF98403621EE3271008A87DC /* Frameworks */ = {
			isa = PBXFrameworksBuildPhase;
			buildActionMask = 2147483647;
			files = (
			);
			runOnlyForDeploymentPostprocessing = 0;
		};
/* End PBXFrameworksBuildPhase section */

/* Begin PBXGroup section */
		AF98403021EE3271008A87DC = {
			isa = PBXGroup;
			children = (
				AF98403B21EE3271008A87DC /* CarouselDemo */,
				AF98403A21EE3271008A87DC /* Products */,
			);
			sourceTree = "<group>";
		};
		AF98403A21EE3271008A87DC /* Products */ = {
			isa = PBXGroup;
			children = (
				AF98403921EE3271008A87DC /* CarouselDemo.app */,
			);
			name = Products;
			sourceTree = "<group>";
		};
		AF98403B21EE3271008A87DC /* CarouselDemo */ = {
			isa = PBXGroup;
			children = (
				AF98403C21EE3271008A87DC /* AppDelegate.swift */,
				AF98406121EE63EF008A87DC /* View */,
				AF98406021EE63DE008A87DC /* Controller */,
				AF98406221EE6453008A87DC /* Protocols+Extensions */,
				AF98406321EE6475008A87DC /* Layout */,
				AF98406421EE6483008A87DC /* Storyboards */,
				AF98404321EE3273008A87DC /* Assets.xcassets */,
				AF98404821EE3273008A87DC /* Info.plist */,
			);
			path = CarouselDemo;
			sourceTree = "<group>";
		};
		AF98406021EE63DE008A87DC /* Controller */ = {
			isa = PBXGroup;
			children = (
				AF98403E21EE3271008A87DC /* HomeViewController.swift */,
				AF98406521EE6891008A87DC /* OrientationSupportNavigationController.swift */,
			);
			path = Controller;
			sourceTree = "<group>";
		};
		AF98406121EE63EF008A87DC /* View */ = {
			isa = PBXGroup;
			children = (
				AF98405221EE35D6008A87DC /* DesignableView.swift */,
				AF98405821EE5A31008A87DC /* VideoCell.swift */,
				AF98405921EE5A31008A87DC /* VideoCell.xib */,
			);
			path = View;
			sourceTree = "<group>";
		};
		AF98406221EE6453008A87DC /* Protocols+Extensions */ = {
			isa = PBXGroup;
			children = (
				AF98405E21EE5D28008A87DC /* Reusable.swift */,
				AF98405C21EE5BEF008A87DC /* UICollectionView+Reusable.swift */,
			);
			path = "Protocols+Extensions";
			sourceTree = "<group>";
		};
		AF98406321EE6475008A87DC /* Layout */ = {
			isa = PBXGroup;
			children = (
				AF98404E21EE32F4008A87DC /* SWInflateLayout.swift */,
			);
			path = Layout;
			sourceTree = "<group>";
		};
		AF98406421EE6483008A87DC /* Storyboards */ = {
			isa = PBXGroup;
			children = (
				AF98404021EE3271008A87DC /* Main.storyboard */,
				AF98404521EE3273008A87DC /* LaunchScreen.storyboard */,
			);
			path = Storyboards;
			sourceTree = "<group>";
		};
/* End PBXGroup section */

/* Begin PBXNativeTarget section */
		AF98403821EE3271008A87DC /* CarouselDemo */ = {
			isa = PBXNativeTarget;
			buildConfigurationList = AF98404B21EE3273008A87DC /* Build configuration list for PBXNativeTarget "CarouselDemo" */;
			buildPhases = (
				AF98403521EE3271008A87DC /* Sources */,
				AF98403621EE3271008A87DC /* Frameworks */,
				AF98403721EE3271008A87DC /* Resources */,
			);
			buildRules = (
			);
			dependencies = (
			);
			name = CarouselDemo;
			productName = CarouselDemo;
			productReference = AF98403921EE3271008A87DC /* CarouselDemo.app */;
			productType = "com.apple.product-type.application";
		};
/* End PBXNativeTarget section */

/* Begin PBXProject section */
		AF98403121EE3271008A87DC /* Project object */ = {
			isa = PBXProject;
			attributes = {
				LastSwiftUpdateCheck = 1010;
				LastUpgradeCheck = 1010;
				ORGANIZATIONNAME = "Mufakkharul Islam Nayem";
				TargetAttributes = {
					AF98403821EE3271008A87DC = {
						CreatedOnToolsVersion = 10.1;
					};
				};
			};
			buildConfigurationList = AF98403421EE3271008A87DC /* Build configuration list for PBXProject "CarouselDemo" */;
			compatibilityVersion = "Xcode 9.3";
			developmentRegion = en;
			hasScannedForEncodings = 0;
			knownRegions = (
				en,
				Base,
			);
			mainGroup = AF98403021EE3271008A87DC;
			productRefGroup = AF98403A21EE3271008A87DC /* Products */;
			projectDirPath = "";
			projectRoot = "";
			targets = (
				AF98403821EE3271008A87DC /* CarouselDemo */,
			);
		};
/* End PBXProject section */

/* Begin PBXResourcesBuildPhase section */
		AF98403721EE3271008A87DC /* Resources */ = {
			isa = PBXResourcesBuildPhase;
			buildActionMask = 2147483647;
			files = (
				AF98404721EE3273008A87DC /* LaunchScreen.storyboard in Resources */,
				AF98405B21EE5A31008A87DC /* VideoCell.xib in Resources */,
				AF98404421EE3273008A87DC /* Assets.xcassets in Resources */,
				AF98404221EE3271008A87DC /* Main.storyboard in Resources */,
			);
			runOnlyForDeploymentPostprocessing = 0;
		};
/* End PBXResourcesBuildPhase section */

/* Begin PBXSourcesBuildPhase section */
		AF98403521EE3271008A87DC /* Sources */ = {
			isa = PBXSourcesBuildPhase;
			buildActionMask = 2147483647;
			files = (
				AF98405A21EE5A31008A87DC /* VideoCell.swift in Sources */,
				AF98403F21EE3271008A87DC /* HomeViewController.swift in Sources */,
				AF98403D21EE3271008A87DC /* AppDelegate.swift in Sources */,
				AF98405D21EE5BF0008A87DC /* UICollectionView+Reusable.swift in Sources */,
				AF98406621EE6891008A87DC /* OrientationSupportNavigationController.swift in Sources */,
				AF98405321EE35D6008A87DC /* DesignableView.swift in Sources */,
				AF98404F21EE32F4008A87DC /* SWInflateLayout.swift in Sources */,
				AF98405F21EE5D28008A87DC /* Reusable.swift in Sources */,
			);
			runOnlyForDeploymentPostprocessing = 0;
		};
/* End PBXSourcesBuildPhase section */

/* Begin PBXVariantGroup section */
		AF98404021EE3271008A87DC /* Main.storyboard */ = {
			isa = PBXVariantGroup;
			children = (
				AF98404121EE3271008A87DC /* Base */,
			);
			name = Main.storyboard;
			sourceTree = "<group>";
		};
		AF98404521EE3273008A87DC /* LaunchScreen.storyboard */ = {
			isa = PBXVariantGroup;
			children = (
				AF98404621EE3273008A87DC /* Base */,
			);
			name = LaunchScreen.storyboard;
			sourceTree = "<group>";
		};
/* End PBXVariantGroup section */

/* Begin XCBuildConfiguration section */
		AF98404921EE3273008A87DC /* Debug */ = {
			isa = XCBuildConfiguration;
			buildSettings = {
				ALWAYS_SEARCH_USER_PATHS = NO;
				CLANG_ANALYZER_NONNULL = YES;
				CLANG_ANALYZER_NUMBER_OBJECT_CONVERSION = YES_AGGRESSIVE;
				CLANG_CXX_LANGUAGE_STANDARD = "gnu++14";
				CLANG_CXX_LIBRARY = "libc++";
				CLANG_ENABLE_MODULES = YES;
				CLANG_ENABLE_OBJC_ARC = YES;
				CLANG_ENABLE_OBJC_WEAK = YES;
				CLANG_WARN_BLOCK_CAPTURE_AUTORELEASING = YES;
				CLANG_WARN_BOOL_CONVERSION = YES;
				CLANG_WARN_COMMA = YES;
				CLANG_WARN_CONSTANT_CONVERSION = YES;
				CLANG_WARN_DEPRECATED_OBJC_IMPLEMENTATIONS = YES;
				CLANG_WARN_DIRECT_OBJC_ISA_USAGE = YES_ERROR;
				CLANG_WARN_DOCUMENTATION_COMMENTS = YES;
				CLANG_WARN_EMPTY_BODY = YES;
				CLANG_WARN_ENUM_CONVERSION = YES;
				CLANG_WARN_INFINITE_RECURSION = YES;
				CLANG_WARN_INT_CONVERSION = YES;
				CLANG_WARN_NON_LITERAL_NULL_CONVERSION = YES;
				CLANG_WARN_OBJC_IMPLICIT_RETAIN_SELF = YES;
				CLANG_WARN_OBJC_LITERAL_CONVERSION = YES;
				CLANG_WARN_OBJC_ROOT_CLASS = YES_ERROR;
				CLANG_WARN_RANGE_LOOP_ANALYSIS = YES;
				CLANG_WARN_STRICT_PROTOTYPES = YES;
				CLANG_WARN_SUSPICIOUS_MOVE = YES;
				CLANG_WARN_UNGUARDED_AVAILABILITY = YES_AGGRESSIVE;
				CLANG_WARN_UNREACHABLE_CODE = YES;
				CLANG_WARN__DUPLICATE_METHOD_MATCH = YES;
				CODE_SIGN_IDENTITY = "iPhone Developer";
				COPY_PHASE_STRIP = NO;
				DEBUG_INFORMATION_FORMAT = dwarf;
				ENABLE_STRICT_OBJC_MSGSEND = YES;
				ENABLE_TESTABILITY = YES;
				GCC_C_LANGUAGE_STANDARD = gnu11;
				GCC_DYNAMIC_NO_PIC = NO;
				GCC_NO_COMMON_BLOCKS = YES;
				GCC_OPTIMIZATION_LEVEL = 0;
				GCC_PREPROCESSOR_DEFINITIONS = (
					"DEBUG=1",
					"$(inherited)",
				);
				GCC_WARN_64_TO_32_BIT_CONVERSION = YES;
				GCC_WARN_ABOUT_RETURN_TYPE = YES_ERROR;
				GCC_WARN_UNDECLARED_SELECTOR = YES;
				GCC_WARN_UNINITIALIZED_AUTOS = YES_AGGRESSIVE;
				GCC_WARN_UNUSED_FUNCTION = YES;
				GCC_WARN_UNUSED_VARIABLE = YES;
				IPHONEOS_DEPLOYMENT_TARGET = 11.0;
				MTL_ENABLE_DEBUG_INFO = INCLUDE_SOURCE;
				MTL_FAST_MATH = YES;
				ONLY_ACTIVE_ARCH = YES;
				SDKROOT = iphoneos;
				SWIFT_ACTIVE_COMPILATION_CONDITIONS = DEBUG;
				SWIFT_OPTIMIZATION_LEVEL = "-Onone";
			};
			name = Debug;
		};
		AF98404A21EE3273008A87DC /* Release */ = {
			isa = XCBuildConfiguration;
			buildSettings = {
				ALWAYS_SEARCH_USER_PATHS = NO;
				CLANG_ANALYZER_NONNULL = YES;
				CLANG_ANALYZER_NUMBER_OBJECT_CONVERSION = YES_AGGRESSIVE;
				CLANG_CXX_LANGUAGE_STANDARD = "gnu++14";
				CLANG_CXX_LIBRARY = "libc++";
				CLANG_ENABLE_MODULES = YES;
				CLANG_ENABLE_OBJC_ARC = YES;
				CLANG_ENABLE_OBJC_WEAK = YES;
				CLANG_WARN_BLOCK_CAPTURE_AUTORELEASING = YES;
				CLANG_WARN_BOOL_CONVERSION = YES;
				CLANG_WARN_COMMA = YES;
				CLANG_WARN_CONSTANT_CONVERSION = YES;
				CLANG_WARN_DEPRECATED_OBJC_IMPLEMENTATIONS = YES;
				CLANG_WARN_DIRECT_OBJC_ISA_USAGE = YES_ERROR;
				CLANG_WARN_DOCUMENTATION_COMMENTS = YES;
				CLANG_WARN_EMPTY_BODY = YES;
				CLANG_WARN_ENUM_CONVERSION = YES;
				CLANG_WARN_INFINITE_RECURSION = YES;
				CLANG_WARN_INT_CONVERSION = YES;
				CLANG_WARN_NON_LITERAL_NULL_CONVERSION = YES;
				CLANG_WARN_OBJC_IMPLICIT_RETAIN_SELF = YES;
				CLANG_WARN_OBJC_LITERAL_CONVERSION = YES;
				CLANG_WARN_OBJC_ROOT_CLASS = YES_ERROR;
				CLANG_WARN_RANGE_LOOP_ANALYSIS = YES;
				CLANG_WARN_STRICT_PROTOTYPES = YES;
				CLANG_WARN_SUSPICIOUS_MOVE = YES;
				CLANG_WARN_UNGUARDED_AVAILABILITY = YES_AGGRESSIVE;
				CLANG_WARN_UNREACHABLE_CODE = YES;
				CLANG_WARN__DUPLICATE_METHOD_MATCH = YES;
				CODE_SIGN_IDENTITY = "iPhone Developer";
				COPY_PHASE_STRIP = NO;
				DEBUG_INFORMATION_FORMAT = "dwarf-with-dsym";
				ENABLE_NS_ASSERTIONS = NO;
				ENABLE_STRICT_OBJC_MSGSEND = YES;
				GCC_C_LANGUAGE_STANDARD = gnu11;
				GCC_NO_COMMON_BLOCKS = YES;
				GCC_WARN_64_TO_32_BIT_CONVERSION = YES;
				GCC_WARN_ABOUT_RETURN_TYPE = YES_ERROR;
				GCC_WARN_UNDECLARED_SELECTOR = YES;
				GCC_WARN_UNINITIALIZED_AUTOS = YES_AGGRESSIVE;
				GCC_WARN_UNUSED_FUNCTION = YES;
				GCC_WARN_UNUSED_VARIABLE = YES;
				IPHONEOS_DEPLOYMENT_TARGET = 11.0;
				MTL_ENABLE_DEBUG_INFO = NO;
				MTL_FAST_MATH = YES;
				SDKROOT = iphoneos;
				SWIFT_COMPILATION_MODE = wholemodule;
				SWIFT_OPTIMIZATION_LEVEL = "-O";
				VALIDATE_PRODUCT = YES;
			};
			name = Release;
		};
		AF98404C21EE3273008A87DC /* Debug */ = {
			isa = XCBuildConfiguration;
			buildSettings = {
				ASSETCATALOG_COMPILER_APPICON_NAME = AppIcon;
				CODE_SIGN_STYLE = Automatic;
				DEVELOPMENT_TEAM = EJHMZ3UG6B;
				INFOPLIST_FILE = CarouselDemo/Info.plist;
				LD_RUNPATH_SEARCH_PATHS = (
					"$(inherited)",
					"@executable_path/Frameworks",
				);
				PRODUCT_BUNDLE_IDENTIFIER = com.nayem.CarouselDemo;
				PRODUCT_NAME = "$(TARGET_NAME)";
				SWIFT_VERSION = 4.2;
				TARGETED_DEVICE_FAMILY = "1,2";
			};
			name = Debug;
		};
		AF98404D21EE3273008A87DC /* Release */ = {
			isa = XCBuildConfiguration;
			buildSettings = {
				ASSETCATALOG_COMPILER_APPICON_NAME = AppIcon;
				CODE_SIGN_STYLE = Automatic;
				DEVELOPMENT_TEAM = EJHMZ3UG6B;
				INFOPLIST_FILE = CarouselDemo/Info.plist;
				LD_RUNPATH_SEARCH_PATHS = (
					"$(inherited)",
					"@executable_path/Frameworks",
				);
				PRODUCT_BUNDLE_IDENTIFIER = com.nayem.CarouselDemo;
				PRODUCT_NAME = "$(TARGET_NAME)";
				SWIFT_VERSION = 4.2;
				TARGETED_DEVICE_FAMILY = "1,2";
			};
			name = Release;
		};
/* End XCBuildConfiguration section */

/* Begin XCConfigurationList section */
		AF98403421EE3271008A87DC /* Build configuration list for PBXProject "CarouselDemo" */ = {
			isa = XCConfigurationList;
			buildConfigurations = (
				AF98404921EE3273008A87DC /* Debug */,
				AF98404A21EE3273008A87DC /* Release */,
			);
			defaultConfigurationIsVisible = 0;
			defaultConfigurationName = Release;
		};
		AF98404B21EE3273008A87DC /* Build configuration list for PBXNativeTarget "CarouselDemo" */ = {
			isa = XCConfigurationList;
			buildConfigurations = (
				AF98404C21EE3273008A87DC /* Debug */,
				AF98404D21EE3273008A87DC /* Release */,
			);
			defaultConfigurationIsVisible = 0;
			defaultConfigurationName = Release;
		};
/* End XCConfigurationList section */
	};
	rootObject = AF98403121EE3271008A87DC /* Project object */;
}
